
Microsoft Visual Studio Solution File, Format Version 12.00
# Visual Studio Version 16
VisualStudioVersion = 16.0.30406.217
MinimumVisualStudioVersion = 10.0.40219.1
Project("{FAE04EC0-301F-11D3-BF4B-00C04F79EFBC}") = "TugasTiga3", "TugasTiga3\TugasTiga3.csproj", "{2D71CF4F-2CF7-42F5-8C5D-EDB1F7C346D3}"
EndProject
Global
	GlobalSection(SolutionConfigurationPlatforms) = preSolution
		Debug|Any CPU = Debug|Any CPU
		Release|Any CPU = Release|Any CPU
	EndGlobalSection
	GlobalSection(ProjectConfigurationPlatforms) = postSolution
		{2D71CF4F-2CF7-42F5-8C5D-EDB1F7C346D3}.Debug|Any CPU.ActiveCfg = Debug|Any CPU
		{2D71CF4F-2CF7-42F5-8C5D-EDB1F7C346D3}.Debug|Any CPU.Build.0 = Debug|Any CPU
		{2D71CF4F-2CF7-42F5-8C5D-EDB1F7C346D3}.Release|Any CPU.ActiveCfg = Release|Any CPU
		{2D71CF4F-2CF7-42F5-8C5D-EDB1F7C346D3}.Release|Any CPU.Build.0 = Release|Any CPU
	EndGlobalSection
	GlobalSection(SolutionProperties) = preSolution
		HideSolutionNode = FALSE
	EndGlobalSection
	GlobalSection(ExtensibilityGlobals) = postSolution
		SolutionGuid = {85EE4663-3AD1-45D7-A2AE-8537D76F6EBF}
	EndGlobalSection
EndGlobal
