
Microsoft Visual Studio Solution File, Format Version 12.00
# Visual Studio Version 16
VisualStudioVersion = 16.0.30406.217
MinimumVisualStudioVersion = 10.0.40219.1
Project("{FAE04EC0-301F-11D3-BF4B-00C04F79EFBC}") = "TugasTiga.1", "TugasTiga.1\TugasTiga.1.csproj", "{967718FA-CB40-4DD3-9FB1-DC8DB2D4349D}"
EndProject
Global
	GlobalSection(SolutionConfigurationPlatforms) = preSolution
		Debug|Any CPU = Debug|Any CPU
		Release|Any CPU = Release|Any CPU
	EndGlobalSection
	GlobalSection(ProjectConfigurationPlatforms) = postSolution
		{967718FA-CB40-4DD3-9FB1-DC8DB2D4349D}.Debug|Any CPU.ActiveCfg = Debug|Any CPU
		{967718FA-CB40-4DD3-9FB1-DC8DB2D4349D}.Debug|Any CPU.Build.0 = Debug|Any CPU
		{967718FA-CB40-4DD3-9FB1-DC8DB2D4349D}.Release|Any CPU.ActiveCfg = Release|Any CPU
		{967718FA-CB40-4DD3-9FB1-DC8DB2D4349D}.Release|Any CPU.Build.0 = Release|Any CPU
	EndGlobalSection
	GlobalSection(SolutionProperties) = preSolution
		HideSolutionNode = FALSE
	EndGlobalSection
	GlobalSection(ExtensibilityGlobals) = postSolution
		SolutionGuid = {3387D637-7797-4E1C-AD74-105BB65498F5}
	EndGlobalSection
EndGlobal
